{
  "name": "demo",
  "version": "1.0.0",
  "lockfileVersion": 2,
  "requires": true,
  "packages": {
    "": {
      "name": "demo",
      "version": "1.0.0",
      "license": "ISC",
      "dependencies": {
        "bai-utils": "^1.0.1"
      }
    },
    "node_modules/bai-utils": {
      "version": "1.0.1",
      "resolved": "https://registry.npmjs.org/bai-utils/-/bai-utils-1.0.1.tgz",
      "integrity": "sha512-sTPgAfo17ck7uR9ZVHU2ImtwyRPWAdA4MTSgcr2cuOvbwTUTeKRX4WE/BtkBcKmIXEN+sMWV1k4ohenPc+rAGw=="
    }
  },
  "dependencies": {
    "bai-utils": {
      "version": "1.0.1",
      "resolved": "https://registry.npmjs.org/bai-utils/-/bai-utils-1.0.1.tgz",
      "integrity": "sha512-sTPgAfo17ck7uR9ZVHU2ImtwyRPWAdA4MTSgcr2cuOvbwTUTeKRX4WE/BtkBcKmIXEN+sMWV1k4ohenPc+rAGw=="
    }
  }
}
